
Microsoft Visual Studio Solution File, Format Version 12.00
# Visual Studio 14
VisualStudioVersion = 14.0.25420.1
MinimumVisualStudioVersion = 10.0.40219.1
Project("{FAE04EC0-301F-11D3-BF4B-00C04F79EFBC}") = "TinhGiaInClient", "TinhGiaInClient\TinhGiaInClient.csproj", "{8E9C6969-1A2E-4BB4-AC12-5B20E318326D}"
EndProject
Project("{FAE04EC0-301F-11D3-BF4B-00C04F79EFBC}") = "TinhGiaInDAL", "TinhGiaInDAL\TinhGiaInDAL.csproj", "{7C04A920-C70F-4E02-8A98-E4686C61BCF0}"
EndProject
Project("{FAE04EC0-301F-11D3-BF4B-00C04F79EFBC}") = "TinhGiaInBDO", "TinhGiaInBDO\TinhGiaInBDO.csproj", "{4730B3AA-6791-4A68-A7E4-CC1E805D15B8}"
EndProject
Project("{FAE04EC0-301F-11D3-BF4B-00C04F79EFBC}") = "TinhGiaInLogic", "TinhGiaInLogic\TinhGiaInLogic.csproj", "{7B67C203-490D-4E56-B69F-67C3A3355028}"
EndProject
Project("{FAE04EC0-301F-11D3-BF4B-00C04F79EFBC}") = "ConsoleTest", "ConsoleTest\ConsoleTest.csproj", "{C82CF392-9220-46D5-AEB3-3A480469AEF8}"
EndProject
Project("{FAE04EC0-301F-11D3-BF4B-00C04F79EFBC}") = "TinhGiaInNhapLieu", "TinhGiaInNhapLieu\TinhGiaInNhapLieu.csproj", "{D68963DA-4E13-4D70-8B8F-18873BECD825}"
EndProject
Project("{FAE04EC0-301F-11D3-BF4B-00C04F79EFBC}") = "TinhGiaInApp.Common", "TinhGiaInApp.Common\TinhGiaInApp.Common.csproj", "{CD43C938-8A98-4145-9713-51C2C6FA4F65}"
EndProject
Project("{FAE04EC0-301F-11D3-BF4B-00C04F79EFBC}") = "TinhGiaInApp.BDO", "TinhGiaInApp.BDO\TinhGiaInApp.BDO.csproj", "{3BBF0A2C-4791-4AB1-9281-5E899842DFD6}"
EndProject
Project("{FAE04EC0-301F-11D3-BF4B-00C04F79EFBC}") = "TinhGiaInApp.DAL", "TinhGiaInApp.DAL\TinhGiaInApp.DAL.csproj", "{F005F8FF-5705-494B-B620-A98A6032976F}"
EndProject
Project("{FAE04EC0-301F-11D3-BF4B-00C04F79EFBC}") = "TinhGiaInApp.Logic", "TinhGiaInApp.Logic\TinhGiaInApp.Logic.csproj", "{C2FB7BD3-8CFC-47CA-8FC4-B05D06B19540}"
EndProject
Global
	GlobalSection(SolutionConfigurationPlatforms) = preSolution
		Debug|Any CPU = Debug|Any CPU
		Release|Any CPU = Release|Any CPU
	EndGlobalSection
	GlobalSection(ProjectConfigurationPlatforms) = postSolution
		{8E9C6969-1A2E-4BB4-AC12-5B20E318326D}.Debug|Any CPU.ActiveCfg = Debug|Any CPU
		{8E9C6969-1A2E-4BB4-AC12-5B20E318326D}.Debug|Any CPU.Build.0 = Debug|Any CPU
		{8E9C6969-1A2E-4BB4-AC12-5B20E318326D}.Release|Any CPU.ActiveCfg = Release|Any CPU
		{8E9C6969-1A2E-4BB4-AC12-5B20E318326D}.Release|Any CPU.Build.0 = Release|Any CPU
		{7C04A920-C70F-4E02-8A98-E4686C61BCF0}.Debug|Any CPU.ActiveCfg = Debug|Any CPU
		{7C04A920-C70F-4E02-8A98-E4686C61BCF0}.Debug|Any CPU.Build.0 = Debug|Any CPU
		{7C04A920-C70F-4E02-8A98-E4686C61BCF0}.Release|Any CPU.ActiveCfg = Release|Any CPU
		{7C04A920-C70F-4E02-8A98-E4686C61BCF0}.Release|Any CPU.Build.0 = Release|Any CPU
		{4730B3AA-6791-4A68-A7E4-CC1E805D15B8}.Debug|Any CPU.ActiveCfg = Debug|Any CPU
		{4730B3AA-6791-4A68-A7E4-CC1E805D15B8}.Debug|Any CPU.Build.0 = Debug|Any CPU
		{4730B3AA-6791-4A68-A7E4-CC1E805D15B8}.Release|Any CPU.ActiveCfg = Release|Any CPU
		{4730B3AA-6791-4A68-A7E4-CC1E805D15B8}.Release|Any CPU.Build.0 = Release|Any CPU
		{7B67C203-490D-4E56-B69F-67C3A3355028}.Debug|Any CPU.ActiveCfg = Debug|Any CPU
		{7B67C203-490D-4E56-B69F-67C3A3355028}.Debug|Any CPU.Build.0 = Debug|Any CPU
		{7B67C203-490D-4E56-B69F-67C3A3355028}.Release|Any CPU.ActiveCfg = Release|Any CPU
		{7B67C203-490D-4E56-B69F-67C3A3355028}.Release|Any CPU.Build.0 = Release|Any CPU
		{C82CF392-9220-46D5-AEB3-3A480469AEF8}.Debug|Any CPU.ActiveCfg = Debug|Any CPU
		{C82CF392-9220-46D5-AEB3-3A480469AEF8}.Debug|Any CPU.Build.0 = Debug|Any CPU
		{C82CF392-9220-46D5-AEB3-3A480469AEF8}.Release|Any CPU.ActiveCfg = Release|Any CPU
		{C82CF392-9220-46D5-AEB3-3A480469AEF8}.Release|Any CPU.Build.0 = Release|Any CPU
		{D68963DA-4E13-4D70-8B8F-18873BECD825}.Debug|Any CPU.ActiveCfg = Debug|Any CPU
		{D68963DA-4E13-4D70-8B8F-18873BECD825}.Debug|Any CPU.Build.0 = Debug|Any CPU
		{D68963DA-4E13-4D70-8B8F-18873BECD825}.Release|Any CPU.ActiveCfg = Release|Any CPU
		{D68963DA-4E13-4D70-8B8F-18873BECD825}.Release|Any CPU.Build.0 = Release|Any CPU
		{CD43C938-8A98-4145-9713-51C2C6FA4F65}.Debug|Any CPU.ActiveCfg = Debug|Any CPU
		{CD43C938-8A98-4145-9713-51C2C6FA4F65}.Debug|Any CPU.Build.0 = Debug|Any CPU
		{CD43C938-8A98-4145-9713-51C2C6FA4F65}.Release|Any CPU.ActiveCfg = Release|Any CPU
		{CD43C938-8A98-4145-9713-51C2C6FA4F65}.Release|Any CPU.Build.0 = Release|Any CPU
		{3BBF0A2C-4791-4AB1-9281-5E899842DFD6}.Debug|Any CPU.ActiveCfg = Debug|Any CPU
		{3BBF0A2C-4791-4AB1-9281-5E899842DFD6}.Debug|Any CPU.Build.0 = Debug|Any CPU
		{3BBF0A2C-4791-4AB1-9281-5E899842DFD6}.Release|Any CPU.ActiveCfg = Release|Any CPU
		{3BBF0A2C-4791-4AB1-9281-5E899842DFD6}.Release|Any CPU.Build.0 = Release|Any CPU
		{F005F8FF-5705-494B-B620-A98A6032976F}.Debug|Any CPU.ActiveCfg = Debug|Any CPU
		{F005F8FF-5705-494B-B620-A98A6032976F}.Debug|Any CPU.Build.0 = Debug|Any CPU
		{F005F8FF-5705-494B-B620-A98A6032976F}.Release|Any CPU.ActiveCfg = Release|Any CPU
		{F005F8FF-5705-494B-B620-A98A6032976F}.Release|Any CPU.Build.0 = Release|Any CPU
		{C2FB7BD3-8CFC-47CA-8FC4-B05D06B19540}.Debug|Any CPU.ActiveCfg = Debug|Any CPU
		{C2FB7BD3-8CFC-47CA-8FC4-B05D06B19540}.Debug|Any CPU.Build.0 = Debug|Any CPU
		{C2FB7BD3-8CFC-47CA-8FC4-B05D06B19540}.Release|Any CPU.ActiveCfg = Release|Any CPU
		{C2FB7BD3-8CFC-47CA-8FC4-B05D06B19540}.Release|Any CPU.Build.0 = Release|Any CPU
	EndGlobalSection
	GlobalSection(SolutionProperties) = preSolution
		HideSolutionNode = FALSE
	EndGlobalSection
EndGlobal
